
Microsoft Visual Studio Solution File, Format Version 12.00
# Visual Studio Version 17
VisualStudioVersion = 17.11.35303.130
MinimumVisualStudioVersion = 10.0.40219.1
Project("{FAE04EC0-301F-11D3-BF4B-00C04F79EFBC}") = "GUI", "Cafe\GUI.csproj", "{B003C36F-BFFC-42CD-9D2E-BF13F9057905}"
EndProject
Project("{FAE04EC0-301F-11D3-BF4B-00C04F79EFBC}") = "DAL", "DAL\DAL.csproj", "{A6E6C920-15B3-42B9-B624-232265B27CA4}"
EndProject
Project("{FAE04EC0-301F-11D3-BF4B-00C04F79EFBC}") = "BUS", "BUS\BUS.csproj", "{2A211791-B3F0-4DDD-9BA0-C876486E5E92}"
EndProject
Global
	GlobalSection(SolutionConfigurationPlatforms) = preSolution
		Debug|Any CPU = Debug|Any CPU
		Release|Any CPU = Release|Any CPU
	EndGlobalSection
	GlobalSection(ProjectConfigurationPlatforms) = postSolution
		{B003C36F-BFFC-42CD-9D2E-BF13F9057905}.Debug|Any CPU.ActiveCfg = Debug|Any CPU
		{B003C36F-BFFC-42CD-9D2E-BF13F9057905}.Debug|Any CPU.Build.0 = Debug|Any CPU
		{B003C36F-BFFC-42CD-9D2E-BF13F9057905}.Release|Any CPU.ActiveCfg = Release|Any CPU
		{B003C36F-BFFC-42CD-9D2E-BF13F9057905}.Release|Any CPU.Build.0 = Release|Any CPU
		{A6E6C920-15B3-42B9-B624-232265B27CA4}.Debug|Any CPU.ActiveCfg = Debug|Any CPU
		{A6E6C920-15B3-42B9-B624-232265B27CA4}.Debug|Any CPU.Build.0 = Debug|Any CPU
		{A6E6C920-15B3-42B9-B624-232265B27CA4}.Release|Any CPU.ActiveCfg = Release|Any CPU
		{A6E6C920-15B3-42B9-B624-232265B27CA4}.Release|Any CPU.Build.0 = Release|Any CPU
		{2A211791-B3F0-4DDD-9BA0-C876486E5E92}.Debug|Any CPU.ActiveCfg = Debug|Any CPU
		{2A211791-B3F0-4DDD-9BA0-C876486E5E92}.Debug|Any CPU.Build.0 = Debug|Any CPU
		{2A211791-B3F0-4DDD-9BA0-C876486E5E92}.Release|Any CPU.ActiveCfg = Release|Any CPU
		{2A211791-B3F0-4DDD-9BA0-C876486E5E92}.Release|Any CPU.Build.0 = Release|Any CPU
	EndGlobalSection
	GlobalSection(SolutionProperties) = preSolution
		HideSolutionNode = FALSE
	EndGlobalSection
	GlobalSection(ExtensibilityGlobals) = postSolution
		SolutionGuid = {2CCF88E4-B9EF-4A5E-9F01-AC051DBD8F61}
	EndGlobalSection
EndGlobal
